PODS:
  - ReactiveCocoa (2.3.1):
    - ReactiveCocoa/UI (= 2.3.1)
  - ReactiveCocoa/Core (2.3.1):
    - ReactiveCocoa/no-arc
  - ReactiveCocoa/no-arc (2.3.1)
  - ReactiveCocoa/UI (2.3.1):
    - ReactiveCocoa/Core

DEPENDENCIES:
  - ReactiveCocoa

SPEC CHECKSUMS:
  ReactiveCocoa: dca75777b9d18990c8714a3a6f2149f29b4d1462

PODFILE CHECKSUM: 2bd3c770d6f1d49632854f30398d5355955439cf

COCOAPODS: 1.2.0
